// !$*UTF8*$!
{
	archiveVersion = 1;
	classes = {
	};
	objectVersion = 56;
	objects = {

/* Begin PBXBuildFile section */
		8C7F36912ACC43BC0003FA3E /* AppDelegate.swift in Sources */ = {isa = PBXBuildFile; fileRef = 8C7F36902ACC43BC0003FA3E /* AppDelegate.swift */; };
		8C7F36932ACC43BC0003FA3E /* SceneDelegate.swift in Sources */ = {isa = PBXBuildFile; fileRef = 8C7F36922ACC43BC0003FA3E /* SceneDelegate.swift */; };
		8C7F36952ACC43BC0003FA3E /* ViewController.swift in Sources */ = {isa = PBXBuildFile; fileRef = 8C7F36942ACC43BC0003FA3E /* ViewController.swift */; };
		8C7F36982ACC43BC0003FA3E /* Main.storyboard in Resources */ = {isa = PBXBuildFile; fileRef = 8C7F36962ACC43BC0003FA3E /* Main.storyboard */; };
		8C7F369A2ACC43BD0003FA3E /* Assets.xcassets in Resources */ = {isa = PBXBuildFile; fileRef = 8C7F36992ACC43BD0003FA3E /* Assets.xcassets */; };
		8C7F369D2ACC43BD0003FA3E /* LaunchScreen.storyboard in Resources */ = {isa = PBXBuildFile; fileRef = 8C7F369B2ACC43BD0003FA3E /* LaunchScreen.storyboard */; };
		8C7F36A82ACC43BE0003FA3E /* SDWebImageDemoTests.swift in Sources */ = {isa = PBXBuildFile; fileRef = 8C7F36A72ACC43BE0003FA3E /* SDWebImageDemoTests.swift */; };
		8C7F36B22ACC43BE0003FA3E /* SDWebImageDemoUITests.swift in Sources */ = {isa = PBXBuildFile; fileRef = 8C7F36B12ACC43BE0003FA3E /* SDWebImageDemoUITests.swift */; };
		8C7F36B42ACC43BE0003FA3E /* SDWebImageDemoUITestsLaunchTests.swift in Sources */ = {isa = PBXBuildFile; fileRef = 8C7F36B32ACC43BE0003FA3E /* SDWebImageDemoUITestsLaunchTests.swift */; };
/* End PBXBuildFile section */

/* Begin PBXContainerItemProxy section */
		8C7F36A42ACC43BE0003FA3E /* PBXContainerItemProxy */ = {
			isa = PBXContainerItemProxy;
			containerPortal = 8C7F36852ACC43BC0003FA3E /* Project object */;
			proxyType = 1;
			remoteGlobalIDString = 8C7F368C2ACC43BC0003FA3E;
			remoteInfo = SDWebImageDemo;
		};
		8C7F36AE2ACC43BE0003FA3E /* PBXContainerItemProxy */ = {
			isa = PBXContainerItemProxy;
			containerPortal = 8C7F36852ACC43BC0003FA3E /* Project object */;
			proxyType = 1;
			remoteGlobalIDString = 8C7F368C2ACC43BC0003FA3E;
			remoteInfo = SDWebImageDemo;
		};
/* End PBXContainerItemProxy section */

/* Begin PBXFileReference section */
		8C7F368D2ACC43BC0003FA3E /* SDWebImageDemo.app */ = {isa = PBXFileReference; explicitFileType = wrapper.application; includeInIndex = 0; path = SDWebImageDemo.app; sourceTree = BUILT_PRODUCTS_DIR; };
		8C7F36902ACC43BC0003FA3E /* AppDelegate.swift */ = {isa = PBXFileReference; lastKnownFileType = sourcecode.swift; path = AppDelegate.swift; sourceTree = "<group>"; };
		8C7F36922ACC43BC0003FA3E /* SceneDelegate.swift */ = {isa = PBXFileReference; lastKnownFileType = sourcecode.swift; path = SceneDelegate.swift; sourceTree = "<group>"; };
		8C7F36942ACC43BC0003FA3E /* ViewController.swift */ = {isa = PBXFileReference; lastKnownFileType = sourcecode.swift; path = ViewController.swift; sourceTree = "<group>"; };
		8C7F36972ACC43BC0003FA3E /* Base */ = {isa = PBXFileReference; lastKnownFileType = file.storyboard; name = Base; path = Base.lproj/Main.storyboard; sourceTree = "<group>"; };
		8C7F36992ACC43BD0003FA3E /* Assets.xcassets */ = {isa = PBXFileReference; lastKnownFileType = folder.assetcatalog; path = Assets.xcassets; sourceTree = "<group>"; };
		8C7F369C2ACC43BD0003FA3E /* Base */ = {isa = PBXFileReference; lastKnownFileType = file.storyboard; name = Base; path = Base.lproj/LaunchScreen.storyboard; sourceTree = "<group>"; };
		8C7F369E2ACC43BD0003FA3E /* Info.plist */ = {isa = PBXFileReference; lastKnownFileType = text.plist.xml; path = Info.plist; sourceTree = "<group>"; };
		8C7F36A32ACC43BE0003FA3E /* SDWebImageDemoTests.xctest */ = {isa = PBXFileReference; explicitFileType = wrapper.cfbundle; includeInIndex = 0; path = SDWebImageDemoTests.xctest; sourceTree = BUILT_PRODUCTS_DIR; };
		8C7F36A72ACC43BE0003FA3E /* SDWebImageDemoTests.swift */ = {isa = PBXFileReference; lastKnownFileType = sourcecode.swift; path = SDWebImageDemoTests.swift; sourceTree = "<group>"; };
		8C7F36AD2ACC43BE0003FA3E /* SDWebImageDemoUITests.xctest */ = {isa = PBXFileReference; explicitFileType = wrapper.cfbundle; includeInIndex = 0; path = SDWebImageDemoUITests.xctest; sourceTree = BUILT_PRODUCTS_DIR; };
		8C7F36B12ACC43BE0003FA3E /* SDWebImageDemoUITests.swift */ = {isa = PBXFileReference; lastKnownFileType = sourcecode.swift; path = SDWebImageDemoUITests.swift; sourceTree = "<group>"; };
		8C7F36B32ACC43BE0003FA3E /* SDWebImageDemoUITestsLaunchTests.swift */ = {isa = PBXFileReference; lastKnownFileType = sourcecode.swift; path = SDWebImageDemoUITestsLaunchTests.swift; sourceTree = "<group>"; };
/* End PBXFileReference section */

/* Begin PBXFrameworksBuildPhase section */
		8C7F368A2ACC43BC0003FA3E /* Frameworks */ = {
			isa = PBXFrameworksBuildPhase;
			buildActionMask = 2147483647;
			files = (
			);
			runOnlyForDeploymentPostprocessing = 0;
		};
		8C7F36A02ACC43BE0003FA3E /* Frameworks */ = {
			isa = PBXFrameworksBuildPhase;
			buildActionMask = 2147483647;
			files = (
			);
			runOnlyForDeploymentPostprocessing = 0;
		};
		8C7F36AA2ACC43BE0003FA3E /* Frameworks */ = {
			isa = PBXFrameworksBuildPhase;
			buildActionMask = 2147483647;
			files = (
			);
			runOnlyForDeploymentPostprocessing = 0;
		};
/* End PBXFrameworksBuildPhase section */

/* Begin PBXGroup section */
		8C7F36842ACC43BC0003FA3E = {
			isa = PBXGroup;
			children = (
				8C7F368F2ACC43BC0003FA3E /* SDWebImageDemo */,
				8C7F36A62ACC43BE0003FA3E /* SDWebImageDemoTests */,
				8C7F36B02ACC43BE0003FA3E /* SDWebImageDemoUITests */,
				8C7F368E2ACC43BC0003FA3E /* Products */,
			);
			sourceTree = "<group>";
		};
		8C7F368E2ACC43BC0003FA3E /* Products */ = {
			isa = PBXGroup;
			children = (
				8C7F368D2ACC43BC0003FA3E /* SDWebImageDemo.app */,
				8C7F36A32ACC43BE0003FA3E /* SDWebImageDemoTests.xctest */,
				8C7F36AD2ACC43BE0003FA3E /* SDWebImageDemoUITests.xctest */,
			);
			name = Products;
			sourceTree = "<group>";
		};
		8C7F368F2ACC43BC0003FA3E /* SDWebImageDemo */ = {
			isa = PBXGroup;
			children = (
				8C7F36902ACC43BC0003FA3E /* AppDelegate.swift */,
				8C7F36922ACC43BC0003FA3E /* SceneDelegate.swift */,
				8C7F36942ACC43BC0003FA3E /* ViewController.swift */,
				8C7F36962ACC43BC0003FA3E /* Main.storyboard */,
				8C7F36992ACC43BD0003FA3E /* Assets.xcassets */,
				8C7F369B2ACC43BD0003FA3E /* LaunchScreen.storyboard */,
				8C7F369E2ACC43BD0003FA3E /* Info.plist */,
			);
			path = SDWebImageDemo;
			sourceTree = "<group>";
		};
		8C7F36A62ACC43BE0003FA3E /* SDWebImageDemoTests */ = {
			isa = PBXGroup;
			children = (
				8C7F36A72ACC43BE0003FA3E /* SDWebImageDemoTests.swift */,
			);
			path = SDWebImageDemoTests;
			sourceTree = "<group>";
		};
		8C7F36B02ACC43BE0003FA3E /* SDWebImageDemoUITests */ = {
			isa = PBXGroup;
			children = (
				8C7F36B12ACC43BE0003FA3E /* SDWebImageDemoUITests.swift */,
				8C7F36B32ACC43BE0003FA3E /* SDWebImageDemoUITestsLaunchTests.swift */,
			);
			path = SDWebImageDemoUITests;
			sourceTree = "<group>";
		};
/* End PBXGroup section */

/* Begin PBXNativeTarget section */
		8C7F368C2ACC43BC0003FA3E /* SDWebImageDemo */ = {
			isa = PBXNativeTarget;
			buildConfigurationList = 8C7F36B72ACC43BE0003FA3E /* Build configuration list for PBXNativeTarget "SDWebImageDemo" */;
			buildPhases = (
				8C7F36892ACC43BC0003FA3E /* Sources */,
				8C7F368A2ACC43BC0003FA3E /* Frameworks */,
				8C7F368B2ACC43BC0003FA3E /* Resources */,
			);
			buildRules = (
			);
			dependencies = (
			);
			name = SDWebImageDemo;
			productName = SDWebImageDemo;
			productReference = 8C7F368D2ACC43BC0003FA3E /* SDWebImageDemo.app */;
			productType = "com.apple.product-type.application";
		};
		8C7F36A22ACC43BE0003FA3E /* SDWebImageDemoTests */ = {
			isa = PBXNativeTarget;
			buildConfigurationList = 8C7F36BA2ACC43BE0003FA3E /* Build configuration list for PBXNativeTarget "SDWebImageDemoTests" */;
			buildPhases = (
				8C7F369F2ACC43BE0003FA3E /* Sources */,
				8C7F36A02ACC43BE0003FA3E /* Frameworks */,
				8C7F36A12ACC43BE0003FA3E /* Resources */,
			);
			buildRules = (
			);
			dependencies = (
				8C7F36A52ACC43BE0003FA3E /* PBXTargetDependency */,
			);
			name = SDWebImageDemoTests;
			productName = SDWebImageDemoTests;
			productReference = 8C7F36A32ACC43BE0003FA3E /* SDWebImageDemoTests.xctest */;
			productType = "com.apple.product-type.bundle.unit-test";
		};
		8C7F36AC2ACC43BE0003FA3E /* SDWebImageDemoUITests */ = {
			isa = PBXNativeTarget;
			buildConfigurationList = 8C7F36BD2ACC43BE0003FA3E /* Build configuration list for PBXNativeTarget "SDWebImageDemoUITests" */;
			buildPhases = (
				8C7F36A92ACC43BE0003FA3E /* Sources */,
				8C7F36AA2ACC43BE0003FA3E /* Frameworks */,
				8C7F36AB2ACC43BE0003FA3E /* Resources */,
			);
			buildRules = (
			);
			dependencies = (
				8C7F36AF2ACC43BE0003FA3E /* PBXTargetDependency */,
			);
			name = SDWebImageDemoUITests;
			productName = SDWebImageDemoUITests;
			productReference = 8C7F36AD2ACC43BE0003FA3E /* SDWebImageDemoUITests.xctest */;
			productType = "com.apple.product-type.bundle.ui-testing";
		};
/* End PBXNativeTarget section */

/* Begin PBXProject section */
		8C7F36852ACC43BC0003FA3E /* Project object */ = {
			isa = PBXProject;
			attributes = {
				BuildIndependentTargetsInParallel = 1;
				LastSwiftUpdateCheck = 1500;
				LastUpgradeCheck = 1500;
				TargetAttributes = {
					8C7F368C2ACC43BC0003FA3E = {
						CreatedOnToolsVersion = 15.0;
					};
					8C7F36A22ACC43BE0003FA3E = {
						CreatedOnToolsVersion = 15.0;
						TestTargetID = 8C7F368C2ACC43BC0003FA3E;
					};
					8C7F36AC2ACC43BE0003FA3E = {
						CreatedOnToolsVersion = 15.0;
						TestTargetID = 8C7F368C2ACC43BC0003FA3E;
					};
				};
			};
			buildConfigurationList = 8C7F36882ACC43BC0003FA3E /* Build configuration list for PBXProject "SDWebImageDemo" */;
			compatibilityVersion = "Xcode 14.0";
			developmentRegion = en;
			hasScannedForEncodings = 0;
			knownRegions = (
				en,
				Base,
			);
			mainGroup = 8C7F36842ACC43BC0003FA3E;
			productRefGroup = 8C7F368E2ACC43BC0003FA3E /* Products */;
			projectDirPath = "";
			projectRoot = "";
			targets = (
				8C7F368C2ACC43BC0003FA3E /* SDWebImageDemo */,
				8C7F36A22ACC43BE0003FA3E /* SDWebImageDemoTests */,
				8C7F36AC2ACC43BE0003FA3E /* SDWebImageDemoUITests */,
			);
		};
/* End PBXProject section */

/* Begin PBXResourcesBuildPhase section */
		8C7F368B2ACC43BC0003FA3E /* Resources */ = {
			isa = PBXResourcesBuildPhase;
			buildActionMask = 2147483647;
			files = (
				8C7F369D2ACC43BD0003FA3E /* LaunchScreen.storyboard in Resources */,
				8C7F369A2ACC43BD0003FA3E /* Assets.xcassets in Resources */,
				8C7F36982ACC43BC0003FA3E /* Main.storyboard in Resources */,
			);
			runOnlyForDeploymentPostprocessing = 0;
		};
		8C7F36A12ACC43BE0003FA3E /* Resources */ = {
			isa = PBXResourcesBuildPhase;
			buildActionMask = 2147483647;
			files = (
			);
			runOnlyForDeploymentPostprocessing = 0;
		};
		8C7F36AB2ACC43BE0003FA3E /* Resources */ = {
			isa = PBXResourcesBuildPhase;
			buildActionMask = 2147483647;
			files = (
			);
			runOnlyForDeploymentPostprocessing = 0;
		};
/* End PBXResourcesBuildPhase section */

/* Begin PBXSourcesBuildPhase section */
		8C7F36892ACC43BC0003FA3E /* Sources */ = {
			isa = PBXSourcesBuildPhase;
			buildActionMask = 2147483647;
			files = (
				8C7F36952ACC43BC0003FA3E /* ViewController.swift in Sources */,
				8C7F36912ACC43BC0003FA3E /* AppDelegate.swift in Sources */,
				8C7F36932ACC43BC0003FA3E /* SceneDelegate.swift in Sources */,
			);
			runOnlyForDeploymentPostprocessing = 0;
		};
		8C7F369F2ACC43BE0003FA3E /* Sources */ = {
			isa = PBXSourcesBuildPhase;
			buildActionMask = 2147483647;
			files = (
				8C7F36A82ACC43BE0003FA3E /* SDWebImageDemoTests.swift in Sources */,
			);
			runOnlyForDeploymentPostprocessing = 0;
		};
		8C7F36A92ACC43BE0003FA3E /* Sources */ = {
			isa = PBXSourcesBuildPhase;
			buildActionMask = 2147483647;
			files = (
				8C7F36B22ACC43BE0003FA3E /* SDWebImageDemoUITests.swift in Sources */,
				8C7F36B42ACC43BE0003FA3E /* SDWebImageDemoUITestsLaunchTests.swift in Sources */,
			);
			runOnlyForDeploymentPostprocessing = 0;
		};
/* End PBXSourcesBuildPhase section */

/* Begin PBXTargetDependency section */
		8C7F36A52ACC43BE0003FA3E /* PBXTargetDependency */ = {
			isa = PBXTargetDependency;
			target = 8C7F368C2ACC43BC0003FA3E /* SDWebImageDemo */;
			targetProxy = 8C7F36A42ACC43BE0003FA3E /* PBXContainerItemProxy */;
		};
		8C7F36AF2ACC43BE0003FA3E /* PBXTargetDependency */ = {
			isa = PBXTargetDependency;
			target = 8C7F368C2ACC43BC0003FA3E /* SDWebImageDemo */;
			targetProxy = 8C7F36AE2ACC43BE0003FA3E /* PBXContainerItemProxy */;
		};
/* End PBXTargetDependency section */

/* Begin PBXVariantGroup section */
		8C7F36962ACC43BC0003FA3E /* Main.storyboard */ = {
			isa = PBXVariantGroup;
			children = (
				8C7F36972ACC43BC0003FA3E /* Base */,
			);
			name = Main.storyboard;
			sourceTree = "<group>";
		};
		8C7F369B2ACC43BD0003FA3E /* LaunchScreen.storyboard */ = {
			isa = PBXVariantGroup;
			children = (
				8C7F369C2ACC43BD0003FA3E /* Base */,
			);
			name = LaunchScreen.storyboard;
			sourceTree = "<group>";
		};
/* End PBXVariantGroup section */

/* Begin XCBuildConfiguration section */
		8C7F36B52ACC43BE0003FA3E /* Debug */ = {
			isa = XCBuildConfiguration;
			buildSettings = {
				ALWAYS_SEARCH_USER_PATHS = NO;
				ASSETCATALOG_COMPILER_GENERATE_SWIFT_ASSET_SYMBOL_EXTENSIONS = YES;
				CLANG_ANALYZER_NONNULL = YES;
				CLANG_ANALYZER_NUMBER_OBJECT_CONVERSION = YES_AGGRESSIVE;
				CLANG_CXX_LANGUAGE_STANDARD = "gnu++20";
				CLANG_ENABLE_MODULES = YES;
				CLANG_ENABLE_OBJC_ARC = YES;
				CLANG_ENABLE_OBJC_WEAK = YES;
				CLANG_WARN_BLOCK_CAPTURE_AUTORELEASING = YES;
				CLANG_WARN_BOOL_CONVERSION = YES;
				CLANG_WARN_COMMA = YES;
				CLANG_WARN_CONSTANT_CONVERSION = YES;
				CLANG_WARN_DEPRECATED_OBJC_IMPLEMENTATIONS = YES;
				CLANG_WARN_DIRECT_OBJC_ISA_USAGE = YES_ERROR;
				CLANG_WARN_DOCUMENTATION_COMMENTS = YES;
				CLANG_WARN_EMPTY_BODY = YES;
				CLANG_WARN_ENUM_CONVERSION = YES;
				CLANG_WARN_INFINITE_RECURSION = YES;
				CLANG_WARN_INT_CONVERSION = YES;
				CLANG_WARN_NON_LITERAL_NULL_CONVERSION = YES;
				CLANG_WARN_OBJC_IMPLICIT_RETAIN_SELF = YES;
				CLANG_WARN_OBJC_LITERAL_CONVERSION = YES;
				CLANG_WARN_OBJC_ROOT_CLASS = YES_ERROR;
				CLANG_WARN_QUOTED_INCLUDE_IN_FRAMEWORK_HEADER = YES;
				CLANG_WARN_RANGE_LOOP_ANALYSIS = YES;
				CLANG_WARN_STRICT_PROTOTYPES = YES;
				CLANG_WARN_SUSPICIOUS_MOVE = YES;
				CLANG_WARN_UNGUARDED_AVAILABILITY = YES_AGGRESSIVE;
				CLANG_WARN_UNREACHABLE_CODE = YES;
				CLANG_WARN__DUPLICATE_METHOD_MATCH = YES;
				COPY_PHASE_STRIP = NO;
				DEBUG_INFORMATION_FORMAT = dwarf;
				ENABLE_STRICT_OBJC_MSGSEND = YES;
				ENABLE_TESTABILITY = YES;
				ENABLE_USER_SCRIPT_SANDBOXING = YES;
				GCC_C_LANGUAGE_STANDARD = gnu17;
				GCC_DYNAMIC_NO_PIC = NO;
				GCC_NO_COMMON_BLOCKS = YES;
				GCC_OPTIMIZATION_LEVEL = 0;
				GCC_PREPROCESSOR_DEFINITIONS = (
					"DEBUG=1",
					"$(inherited)",
				);
				GCC_WARN_64_TO_32_BIT_CONVERSION = YES;
				GCC_WARN_ABOUT_RETURN_TYPE = YES_ERROR;
				GCC_WARN_UNDECLARED_SELECTOR = YES;
				GCC_WARN_UNINITIALIZED_AUTOS = YES_AGGRESSIVE;
				GCC_WARN_UNUSED_FUNCTION = YES;
				GCC_WARN_UNUSED_VARIABLE = YES;
				IPHONEOS_DEPLOYMENT_TARGET = 17.0;
				LOCALIZATION_PREFERS_STRING_CATALOGS = YES;
				MTL_ENABLE_DEBUG_INFO = INCLUDE_SOURCE;
				MTL_FAST_MATH = YES;
				ONLY_ACTIVE_ARCH = YES;
				SDKROOT = iphoneos;
				SWIFT_ACTIVE_COMPILATION_CONDITIONS = "DEBUG $(inherited)";
				SWIFT_OPTIMIZATION_LEVEL = "-Onone";
			};
			name = Debug;
		};
		8C7F36B62ACC43BE0003FA3E /* Release */ = {
			isa = XCBuildConfiguration;
			buildSettings = {
				ALWAYS_SEARCH_USER_PATHS = NO;
				ASSETCATALOG_COMPILER_GENERATE_SWIFT_ASSET_SYMBOL_EXTENSIONS = YES;
				CLANG_ANALYZER_NONNULL = YES;
				CLANG_ANALYZER_NUMBER_OBJECT_CONVERSION = YES_AGGRESSIVE;
				CLANG_CXX_LANGUAGE_STANDARD = "gnu++20";
				CLANG_ENABLE_MODULES = YES;
				CLANG_ENABLE_OBJC_ARC = YES;
				CLANG_ENABLE_OBJC_WEAK = YES;
				CLANG_WARN_BLOCK_CAPTURE_AUTORELEASING = YES;
				CLANG_WARN_BOOL_CONVERSION = YES;
				CLANG_WARN_COMMA = YES;
				CLANG_WARN_CONSTANT_CONVERSION = YES;
				CLANG_WARN_DEPRECATED_OBJC_IMPLEMENTATIONS = YES;
				CLANG_WARN_DIRECT_OBJC_ISA_USAGE = YES_ERROR;
				CLANG_WARN_DOCUMENTATION_COMMENTS = YES;
				CLANG_WARN_EMPTY_BODY = YES;
				CLANG_WARN_ENUM_CONVERSION = YES;
				CLANG_WARN_INFINITE_RECURSION = YES;
				CLANG_WARN_INT_CONVERSION = YES;
				CLANG_WARN_NON_LITERAL_NULL_CONVERSION = YES;
				CLANG_WARN_OBJC_IMPLICIT_RETAIN_SELF = YES;
				CLANG_WARN_OBJC_LITERAL_CONVERSION = YES;
				CLANG_WARN_OBJC_ROOT_CLASS = YES_ERROR;
				CLANG_WARN_QUOTED_INCLUDE_IN_FRAMEWORK_HEADER = YES;
				CLANG_WARN_RANGE_LOOP_ANALYSIS = YES;
				CLANG_WARN_STRICT_PROTOTYPES = YES;
				CLANG_WARN_SUSPICIOUS_MOVE = YES;
				CLANG_WARN_UNGUARDED_AVAILABILITY = YES_AGGRESSIVE;
				CLANG_WARN_UNREACHABLE_CODE = YES;
				CLANG_WARN__DUPLICATE_METHOD_MATCH = YES;
				COPY_PHASE_STRIP = NO;
				DEBUG_INFORMATION_FORMAT = "dwarf-with-dsym";
				ENABLE_NS_ASSERTIONS = NO;
				ENABLE_STRICT_OBJC_MSGSEND = YES;
				ENABLE_USER_SCRIPT_SANDBOXING = YES;
				GCC_C_LANGUAGE_STANDARD = gnu17;
				GCC_NO_COMMON_BLOCKS = YES;
				GCC_WARN_64_TO_32_BIT_CONVERSION = YES;
				GCC_WARN_ABOUT_RETURN_TYPE = YES_ERROR;
				GCC_WARN_UNDECLARED_SELECTOR = YES;
				GCC_WARN_UNINITIALIZED_AUTOS = YES_AGGRESSIVE;
				GCC_WARN_UNUSED_FUNCTION = YES;
				GCC_WARN_UNUSED_VARIABLE = YES;
				IPHONEOS_DEPLOYMENT_TARGET = 17.0;
				LOCALIZATION_PREFERS_STRING_CATALOGS = YES;
				MTL_ENABLE_DEBUG_INFO = NO;
				MTL_FAST_MATH = YES;
				SDKROOT = iphoneos;
				SWIFT_COMPILATION_MODE = wholemodule;
				VALIDATE_PRODUCT = YES;
			};
			name = Release;
		};
		8C7F36B82ACC43BE0003FA3E /* Debug */ = {
			isa = XCBuildConfiguration;
			buildSettings = {
				ASSETCATALOG_COMPILER_APPICON_NAME = AppIcon;
				ASSETCATALOG_COMPILER_GLOBAL_ACCENT_COLOR_NAME = AccentColor;
				CODE_SIGN_STYLE = Automatic;
				CURRENT_PROJECT_VERSION = 1;
				GENERATE_INFOPLIST_FILE = YES;
				INFOPLIST_FILE = SDWebImageDemo/Info.plist;
				INFOPLIST_KEY_UIApplicationSupportsIndirectInputEvents = YES;
				INFOPLIST_KEY_UILaunchStoryboardName = LaunchScreen;
				INFOPLIST_KEY_UIMainStoryboardFile = Main;
				INFOPLIST_KEY_UISupportedInterfaceOrientations_iPad = "UIInterfaceOrientationPortrait UIInterfaceOrientationPortraitUpsideDown UIInterfaceOrientationLandscapeLeft UIInterfaceOrientationLandscapeRight";
				INFOPLIST_KEY_UISupportedInterfaceOrientations_iPhone = "UIInterfaceOrientationPortrait UIInterfaceOrientationLandscapeLeft UIInterfaceOrientationLandscapeRight";
				LD_RUNPATH_SEARCH_PATHS = (
					"$(inherited)",
					"@executable_path/Frameworks",
				);
				MARKETING_VERSION = 1.0;
				PRODUCT_BUNDLE_IDENTIFIER = com.codeNinja.SDWebImageDemo;
				PRODUCT_NAME = "$(TARGET_NAME)";
				SWIFT_EMIT_LOC_STRINGS = YES;
				SWIFT_VERSION = 5.0;
				TARGETED_DEVICE_FAMILY = "1,2";
			};
			name = Debug;
		};
		8C7F36B92ACC43BE0003FA3E /* Release */ = {
			isa = XCBuildConfiguration;
			buildSettings = {
				ASSETCATALOG_COMPILER_APPICON_NAME = AppIcon;
				ASSETCATALOG_COMPILER_GLOBAL_ACCENT_COLOR_NAME = AccentColor;
				CODE_SIGN_STYLE = Automatic;
				CURRENT_PROJECT_VERSION = 1;
				GENERATE_INFOPLIST_FILE = YES;
				INFOPLIST_FILE = SDWebImageDemo/Info.plist;
				INFOPLIST_KEY_UIApplicationSupportsIndirectInputEvents = YES;
				INFOPLIST_KEY_UILaunchStoryboardName = LaunchScreen;
				INFOPLIST_KEY_UIMainStoryboardFile = Main;
				INFOPLIST_KEY_UISupportedInterfaceOrientations_iPad = "UIInterfaceOrientationPortrait UIInterfaceOrientationPortraitUpsideDown UIInterfaceOrientationLandscapeLeft UIInterfaceOrientationLandscapeRight";
				INFOPLIST_KEY_UISupportedInterfaceOrientations_iPhone = "UIInterfaceOrientationPortrait UIInterfaceOrientationLandscapeLeft UIInterfaceOrientationLandscapeRight";
				LD_RUNPATH_SEARCH_PATHS = (
					"$(inherited)",
					"@executable_path/Frameworks",
				);
				MARKETING_VERSION = 1.0;
				PRODUCT_BUNDLE_IDENTIFIER = com.codeNinja.SDWebImageDemo;
				PRODUCT_NAME = "$(TARGET_NAME)";
				SWIFT_EMIT_LOC_STRINGS = YES;
				SWIFT_VERSION = 5.0;
				TARGETED_DEVICE_FAMILY = "1,2";
			};
			name = Release;
		};
		8C7F36BB2ACC43BE0003FA3E /* Debug */ = {
			isa = XCBuildConfiguration;
			buildSettings = {
				ALWAYS_EMBED_SWIFT_STANDARD_LIBRARIES = YES;
				BUNDLE_LOADER = "$(TEST_HOST)";
				CODE_SIGN_STYLE = Automatic;
				CURRENT_PROJECT_VERSION = 1;
				GENERATE_INFOPLIST_FILE = YES;
				IPHONEOS_DEPLOYMENT_TARGET = 17.0;
				MARKETING_VERSION = 1.0;
				PRODUCT_BUNDLE_IDENTIFIER = com.codeNinja.SDWebImageDemoTests;
				PRODUCT_NAME = "$(TARGET_NAME)";
				SWIFT_EMIT_LOC_STRINGS = NO;
				SWIFT_VERSION = 5.0;
				TARGETED_DEVICE_FAMILY = "1,2";
				TEST_HOST = "$(BUILT_PRODUCTS_DIR)/SDWebImageDemo.app/$(BUNDLE_EXECUTABLE_FOLDER_PATH)/SDWebImageDemo";
			};
			name = Debug;
		};
		8C7F36BC2ACC43BE0003FA3E /* Release */ = {
			isa = XCBuildConfiguration;
			buildSettings = {
				ALWAYS_EMBED_SWIFT_STANDARD_LIBRARIES = YES;
				BUNDLE_LOADER = "$(TEST_HOST)";
				CODE_SIGN_STYLE = Automatic;
				CURRENT_PROJECT_VERSION = 1;
				GENERATE_INFOPLIST_FILE = YES;
				IPHONEOS_DEPLOYMENT_TARGET = 17.0;
				MARKETING_VERSION = 1.0;
				PRODUCT_BUNDLE_IDENTIFIER = com.codeNinja.SDWebImageDemoTests;
				PRODUCT_NAME = "$(TARGET_NAME)";
				SWIFT_EMIT_LOC_STRINGS = NO;
				SWIFT_VERSION = 5.0;
				TARGETED_DEVICE_FAMILY = "1,2";
				TEST_HOST = "$(BUILT_PRODUCTS_DIR)/SDWebImageDemo.app/$(BUNDLE_EXECUTABLE_FOLDER_PATH)/SDWebImageDemo";
			};
			name = Release;
		};
		8C7F36BE2ACC43BE0003FA3E /* Debug */ = {
			isa = XCBuildConfiguration;
			buildSettings = {
				ALWAYS_EMBED_SWIFT_STANDARD_LIBRARIES = YES;
				CODE_SIGN_STYLE = Automatic;
				CURRENT_PROJECT_VERSION = 1;
				GENERATE_INFOPLIST_FILE = YES;
				MARKETING_VERSION = 1.0;
				PRODUCT_BUNDLE_IDENTIFIER = com.codeNinja.SDWebImageDemoUITests;
				PRODUCT_NAME = "$(TARGET_NAME)";
				SWIFT_EMIT_LOC_STRINGS = NO;
				SWIFT_VERSION = 5.0;
				TARGETED_DEVICE_FAMILY = "1,2";
				TEST_TARGET_NAME = SDWebImageDemo;
			};
			name = Debug;
		};
		8C7F36BF2ACC43BE0003FA3E /* Release */ = {
			isa = XCBuildConfiguration;
			buildSettings = {
				ALWAYS_EMBED_SWIFT_STANDARD_LIBRARIES = YES;
				CODE_SIGN_STYLE = Automatic;
				CURRENT_PROJECT_VERSION = 1;
				GENERATE_INFOPLIST_FILE = YES;
				MARKETING_VERSION = 1.0;
				PRODUCT_BUNDLE_IDENTIFIER = com.codeNinja.SDWebImageDemoUITests;
				PRODUCT_NAME = "$(TARGET_NAME)";
				SWIFT_EMIT_LOC_STRINGS = NO;
				SWIFT_VERSION = 5.0;
				TARGETED_DEVICE_FAMILY = "1,2";
				TEST_TARGET_NAME = SDWebImageDemo;
			};
			name = Release;
		};
/* End XCBuildConfiguration section */

/* Begin XCConfigurationList section */
		8C7F36882ACC43BC0003FA3E /* Build configuration list for PBXProject "SDWebImageDemo" */ = {
			isa = XCConfigurationList;
			buildConfigurations = (
				8C7F36B52ACC43BE0003FA3E /* Debug */,
				8C7F36B62ACC43BE0003FA3E /* Release */,
			);
			defaultConfigurationIsVisible = 0;
			defaultConfigurationName = Release;
		};
		8C7F36B72ACC43BE0003FA3E /* Build configuration list for PBXNativeTarget "SDWebImageDemo" */ = {
			isa = XCConfigurationList;
			buildConfigurations = (
				8C7F36B82ACC43BE0003FA3E /* Debug */,
				8C7F36B92ACC43BE0003FA3E /* Release */,
			);
			defaultConfigurationIsVisible = 0;
			defaultConfigurationName = Release;
		};
		8C7F36BA2ACC43BE0003FA3E /* Build configuration list for PBXNativeTarget "SDWebImageDemoTests" */ = {
			isa = XCConfigurationList;
			buildConfigurations = (
				8C7F36BB2ACC43BE0003FA3E /* Debug */,
				8C7F36BC2ACC43BE0003FA3E /* Release */,
			);
			defaultConfigurationIsVisible = 0;
			defaultConfigurationName = Release;
		};
		8C7F36BD2ACC43BE0003FA3E /* Build configuration list for PBXNativeTarget "SDWebImageDemoUITests" */ = {
			isa = XCConfigurationList;
			buildConfigurations = (
				8C7F36BE2ACC43BE0003FA3E /* Debug */,
				8C7F36BF2ACC43BE0003FA3E /* Release */,
			);
			defaultConfigurationIsVisible = 0;
			defaultConfigurationName = Release;
		};
/* End XCConfigurationList section */
	};
	rootObject = 8C7F36852ACC43BC0003FA3E /* Project object */;
}
